
Microsoft Visual Studio Solution File, Format Version 12.00
# Visual Studio Version 17
VisualStudioVersion = 17.1.32414.318
MinimumVisualStudioVersion = 10.0.40219.1
Project("{2150E333-8FDC-42A3-9474-1A3956D46DE8}") = ".items", ".items", "{24143346-BEA0-4E8E-9249-17FF05C9772F}"
	ProjectSection(SolutionItems) = preProject
		.gitignore = .gitignore
		LICENSE = LICENSE
		README.md = README.md
	EndProjectSection
EndProject
Project("{2150E333-8FDC-42A3-9474-1A3956D46DE8}") = "src", "src", "{EDEC7D8F-4C6F-4DE3-8022-17A2A23AB18B}"
EndProject
Project("{2150E333-8FDC-42A3-9474-1A3956D46DE8}") = "samples", "samples", "{24F9EFE8-010B-48D9-B5D2-EF194BDEAC31}"
EndProject
Project("{2150E333-8FDC-42A3-9474-1A3956D46DE8}") = "tests", "tests", "{9BE8804F-BCC0-48CF-9AEC-ED97414B0C78}"
EndProject
Project("{9A19103F-16F7-4668-BE54-9A1E7A4F7556}") = "AspNetCore.Authorization.Permissions", "src\AspNetCore.Authorization.Permissions\AspNetCore.Authorization.Permissions.csproj", "{D3FB8510-8E8E-455A-A3CD-F3C3FADE4142}"
EndProject
Project("{9A19103F-16F7-4668-BE54-9A1E7A4F7556}") = "SamplePermissions", "samples\SamplePermissions\SamplePermissions.csproj", "{263050E7-B671-4A38-8A20-F933FB9AD987}"
EndProject
Project("{9A19103F-16F7-4668-BE54-9A1E7A4F7556}") = "AspNetCore.Authorization.Permissions.UnitTests", "tests\AspNetCore.Authorization.Permissions.UnitTests\AspNetCore.Authorization.Permissions.UnitTests.csproj", "{A01CDEBF-8DB4-4792-9366-D53A91F2292D}"
EndProject
Project("{9A19103F-16F7-4668-BE54-9A1E7A4F7556}") = "AspNetCore.Authorization.Permissions.Abstractions", "src\AspNetCore.Authorization.Permissions.Abstractions\AspNetCore.Authorization.Permissions.Abstractions.csproj", "{188E0288-2D1F-4618-A8DC-8AAF6281A713}"
EndProject
Project("{2150E333-8FDC-42A3-9474-1A3956D46DE8}") = "Identity", "Identity", "{38E0E64A-6A46-47C7-A169-24A6069D80E4}"
EndProject
Project("{9A19103F-16F7-4668-BE54-9A1E7A4F7556}") = "SampleTenant", "samples\SampleTenant\SampleTenant.csproj", "{D1117618-BB2A-4FD0-9C88-9512B9AFC76D}"
EndProject
Project("{9A19103F-16F7-4668-BE54-9A1E7A4F7556}") = "AspNetCore.Identity.Permissions", "src\AspNetCore.Identity.Permissions\AspNetCore.Identity.Permissions.csproj", "{30A8E652-AD3F-42B8-AEDB-133660992475}"
EndProject
Project("{9A19103F-16F7-4668-BE54-9A1E7A4F7556}") = "AspNetCore.Identity.Permissions.EntityFrameworkCore", "src\AspNetCore.Identity.Permissions.EntityFrameworkCore\AspNetCore.Identity.Permissions.EntityFrameworkCore.csproj", "{99DA5DAF-7F69-4F23-BE79-A2595ACFC849}"
EndProject
Project("{2150E333-8FDC-42A3-9474-1A3956D46DE8}") = "Providers", "Providers", "{FA57E06B-CC0E-459C-A993-1D41ADF99ECF}"
EndProject
Project("{9A19103F-16F7-4668-BE54-9A1E7A4F7556}") = "Extensions.Identity.Permissions.Core", "src\Extensions.Identity.Permissions.Core\Extensions.Identity.Permissions.Core.csproj", "{26FA28C6-9247-4897-B8DB-CFF148B68A78}"
EndProject
Project("{9A19103F-16F7-4668-BE54-9A1E7A4F7556}") = "Extensions.Identity.Permissions.Stores", "src\Extensions.Identity.Permissions.Stores\Extensions.Identity.Permissions.Stores.csproj", "{3F7C18AD-4688-4C06-878A-C09A6E99AA95}"
EndProject
Global
	GlobalSection(SolutionConfigurationPlatforms) = preSolution
		Debug|Any CPU = Debug|Any CPU
		Release|Any CPU = Release|Any CPU
	EndGlobalSection
	GlobalSection(ProjectConfigurationPlatforms) = postSolution
		{D3FB8510-8E8E-455A-A3CD-F3C3FADE4142}.Debug|Any CPU.ActiveCfg = Debug|Any CPU
		{D3FB8510-8E8E-455A-A3CD-F3C3FADE4142}.Debug|Any CPU.Build.0 = Debug|Any CPU
		{D3FB8510-8E8E-455A-A3CD-F3C3FADE4142}.Release|Any CPU.ActiveCfg = Release|Any CPU
		{D3FB8510-8E8E-455A-A3CD-F3C3FADE4142}.Release|Any CPU.Build.0 = Release|Any CPU
		{263050E7-B671-4A38-8A20-F933FB9AD987}.Debug|Any CPU.ActiveCfg = Debug|Any CPU
		{263050E7-B671-4A38-8A20-F933FB9AD987}.Debug|Any CPU.Build.0 = Debug|Any CPU
		{263050E7-B671-4A38-8A20-F933FB9AD987}.Release|Any CPU.ActiveCfg = Release|Any CPU
		{263050E7-B671-4A38-8A20-F933FB9AD987}.Release|Any CPU.Build.0 = Release|Any CPU
		{A01CDEBF-8DB4-4792-9366-D53A91F2292D}.Debug|Any CPU.ActiveCfg = Debug|Any CPU
		{A01CDEBF-8DB4-4792-9366-D53A91F2292D}.Debug|Any CPU.Build.0 = Debug|Any CPU
		{A01CDEBF-8DB4-4792-9366-D53A91F2292D}.Release|Any CPU.ActiveCfg = Release|Any CPU
		{A01CDEBF-8DB4-4792-9366-D53A91F2292D}.Release|Any CPU.Build.0 = Release|Any CPU
		{188E0288-2D1F-4618-A8DC-8AAF6281A713}.Debug|Any CPU.ActiveCfg = Debug|Any CPU
		{188E0288-2D1F-4618-A8DC-8AAF6281A713}.Debug|Any CPU.Build.0 = Debug|Any CPU
		{188E0288-2D1F-4618-A8DC-8AAF6281A713}.Release|Any CPU.ActiveCfg = Release|Any CPU
		{188E0288-2D1F-4618-A8DC-8AAF6281A713}.Release|Any CPU.Build.0 = Release|Any CPU
		{D1117618-BB2A-4FD0-9C88-9512B9AFC76D}.Debug|Any CPU.ActiveCfg = Debug|Any CPU
		{D1117618-BB2A-4FD0-9C88-9512B9AFC76D}.Debug|Any CPU.Build.0 = Debug|Any CPU
		{D1117618-BB2A-4FD0-9C88-9512B9AFC76D}.Release|Any CPU.ActiveCfg = Release|Any CPU
		{D1117618-BB2A-4FD0-9C88-9512B9AFC76D}.Release|Any CPU.Build.0 = Release|Any CPU
		{30A8E652-AD3F-42B8-AEDB-133660992475}.Debug|Any CPU.ActiveCfg = Debug|Any CPU
		{30A8E652-AD3F-42B8-AEDB-133660992475}.Debug|Any CPU.Build.0 = Debug|Any CPU
		{30A8E652-AD3F-42B8-AEDB-133660992475}.Release|Any CPU.ActiveCfg = Release|Any CPU
		{30A8E652-AD3F-42B8-AEDB-133660992475}.Release|Any CPU.Build.0 = Release|Any CPU
		{99DA5DAF-7F69-4F23-BE79-A2595ACFC849}.Debug|Any CPU.ActiveCfg = Debug|Any CPU
		{99DA5DAF-7F69-4F23-BE79-A2595ACFC849}.Debug|Any CPU.Build.0 = Debug|Any CPU
		{99DA5DAF-7F69-4F23-BE79-A2595ACFC849}.Release|Any CPU.ActiveCfg = Release|Any CPU
		{99DA5DAF-7F69-4F23-BE79-A2595ACFC849}.Release|Any CPU.Build.0 = Release|Any CPU
		{26FA28C6-9247-4897-B8DB-CFF148B68A78}.Debug|Any CPU.ActiveCfg = Debug|Any CPU
		{26FA28C6-9247-4897-B8DB-CFF148B68A78}.Debug|Any CPU.Build.0 = Debug|Any CPU
		{26FA28C6-9247-4897-B8DB-CFF148B68A78}.Release|Any CPU.ActiveCfg = Release|Any CPU
		{26FA28C6-9247-4897-B8DB-CFF148B68A78}.Release|Any CPU.Build.0 = Release|Any CPU
		{3F7C18AD-4688-4C06-878A-C09A6E99AA95}.Debug|Any CPU.ActiveCfg = Debug|Any CPU
		{3F7C18AD-4688-4C06-878A-C09A6E99AA95}.Debug|Any CPU.Build.0 = Debug|Any CPU
		{3F7C18AD-4688-4C06-878A-C09A6E99AA95}.Release|Any CPU.ActiveCfg = Release|Any CPU
		{3F7C18AD-4688-4C06-878A-C09A6E99AA95}.Release|Any CPU.Build.0 = Release|Any CPU
	EndGlobalSection
	GlobalSection(SolutionProperties) = preSolution
		HideSolutionNode = FALSE
	EndGlobalSection
	GlobalSection(NestedProjects) = preSolution
		{D3FB8510-8E8E-455A-A3CD-F3C3FADE4142} = {EDEC7D8F-4C6F-4DE3-8022-17A2A23AB18B}
		{263050E7-B671-4A38-8A20-F933FB9AD987} = {24F9EFE8-010B-48D9-B5D2-EF194BDEAC31}
		{A01CDEBF-8DB4-4792-9366-D53A91F2292D} = {9BE8804F-BCC0-48CF-9AEC-ED97414B0C78}
		{188E0288-2D1F-4618-A8DC-8AAF6281A713} = {EDEC7D8F-4C6F-4DE3-8022-17A2A23AB18B}
		{38E0E64A-6A46-47C7-A169-24A6069D80E4} = {EDEC7D8F-4C6F-4DE3-8022-17A2A23AB18B}
		{D1117618-BB2A-4FD0-9C88-9512B9AFC76D} = {24F9EFE8-010B-48D9-B5D2-EF194BDEAC31}
		{30A8E652-AD3F-42B8-AEDB-133660992475} = {38E0E64A-6A46-47C7-A169-24A6069D80E4}
		{99DA5DAF-7F69-4F23-BE79-A2595ACFC849} = {FA57E06B-CC0E-459C-A993-1D41ADF99ECF}
		{FA57E06B-CC0E-459C-A993-1D41ADF99ECF} = {38E0E64A-6A46-47C7-A169-24A6069D80E4}
		{26FA28C6-9247-4897-B8DB-CFF148B68A78} = {38E0E64A-6A46-47C7-A169-24A6069D80E4}
		{3F7C18AD-4688-4C06-878A-C09A6E99AA95} = {38E0E64A-6A46-47C7-A169-24A6069D80E4}
	EndGlobalSection
	GlobalSection(ExtensibilityGlobals) = postSolution
		SolutionGuid = {A52A2019-EEE6-4DAB-B111-C10693C9E03B}
	EndGlobalSection
EndGlobal
